// !$*UTF8*$!
{
	archiveVersion = 1;
	classes = {
	};
	objectVersion = 56;
	objects = {

/* Begin PBXBuildFile section */
		3B08478E2CC1135400484E72 /* Download.swift in Sources */ = {isa = PBXBuildFile; fileRef = 3B08478D2CC1135400484E72 /* Download.swift */; };
		3B2DA9582C95337E00E8FCB9 /* XrayApp.swift in Sources */ = {isa = PBXBuildFile; fileRef = 3B2DA9572C95337E00E8FCB9 /* XrayApp.swift */; };
		3B2DA95C2C95337F00E8FCB9 /* Assets.xcassets in Resources */ = {isa = PBXBuildFile; fileRef = 3B2DA95B2C95337F00E8FCB9 /* Assets.xcassets */; };
		3B2DA9882C95344600E8FCB9 /* NetworkExtension.framework in Frameworks */ = {isa = PBXBuildFile; fileRef = 3B2DA9872C95344600E8FCB9 /* NetworkExtension.framework */; };
		3B2DA98B2C95344600E8FCB9 /* PacketTunnelProvider.swift in Sources */ = {isa = PBXBuildFile; fileRef = 3B2DA98A2C95344600E8FCB9 /* PacketTunnelProvider.swift */; };
		3B2DA9902C95344600E8FCB9 /* PacketTunnel.appex in Embed Foundation Extensions */ = {isa = PBXBuildFile; fileRef = 3B2DA9852C95344600E8FCB9 /* PacketTunnel.appex */; settings = {ATTRIBUTES = (RemoveHeadersOnCopy, ); }; };
		3B2DA9972C9536F900E8FCB9 /* Config.xcconfig in Resources */ = {isa = PBXBuildFile; fileRef = 3B2DA9962C9536F900E8FCB9 /* Config.xcconfig */; };
		3B2DA9982C9536F900E8FCB9 /* Config.xcconfig in Resources */ = {isa = PBXBuildFile; fileRef = 3B2DA9962C9536F900E8FCB9 /* Config.xcconfig */; };
		3B2DA99C2C95393600E8FCB9 /* Constant.swift in Sources */ = {isa = PBXBuildFile; fileRef = 3B2DA99B2C95393600E8FCB9 /* Constant.swift */; };
		3B2DA99D2C95393600E8FCB9 /* Constant.swift in Sources */ = {isa = PBXBuildFile; fileRef = 3B2DA99B2C95393600E8FCB9 /* Constant.swift */; };
		3B2DA99F2C95398600E8FCB9 /* PacketTunnelManager.swift in Sources */ = {isa = PBXBuildFile; fileRef = 3B2DA99E2C95398600E8FCB9 /* PacketTunnelManager.swift */; };
		3B2DA9AB2C953B7E00E8FCB9 /* libresolv.9.tbd in Frameworks */ = {isa = PBXBuildFile; fileRef = 3B2DA9AA2C953B6200E8FCB9 /* libresolv.9.tbd */; };
		3B2DA9AD2C95573400E8FCB9 /* ContentView.swift in Sources */ = {isa = PBXBuildFile; fileRef = 3B2DA9AC2C95573400E8FCB9 /* ContentView.swift */; };
		3B3EE0D72CA6A0EF00541BF8 /* LibXray in Frameworks */ = {isa = PBXBuildFile; productRef = 3B3EE0D62CA6A0EF00541BF8 /* LibXray */; };
		3B3EE0D92CA6A0F800541BF8 /* LibXray in Frameworks */ = {isa = PBXBuildFile; productRef = 3B3EE0D82CA6A0F800541BF8 /* LibXray */; };
		3B8050DE2C9D7C0800043697 /* Configuration.swift in Sources */ = {isa = PBXBuildFile; fileRef = 3B8050DD2C9D7C0800043697 /* Configuration.swift */; };
		3B99F5162CA11A8A00CDC946 /* ConnectedDurationView.swift in Sources */ = {isa = PBXBuildFile; fileRef = 3B99F5152CA11A8A00CDC946 /* ConnectedDurationView.swift */; };
		3BA6A1D82C9D731100FF9E1A /* libresolv.9.tbd in Frameworks */ = {isa = PBXBuildFile; fileRef = 3B2DA9AA2C953B6200E8FCB9 /* libresolv.9.tbd */; };
		3BA6A1DA2C9D756C00FF9E1A /* InfoRow.swift in Sources */ = {isa = PBXBuildFile; fileRef = 3BA6A1D92C9D756C00FF9E1A /* InfoRow.swift */; };
		3BA6A1DC2C9D759D00FF9E1A /* ActionButtonStyle.swift in Sources */ = {isa = PBXBuildFile; fileRef = 3BA6A1DB2C9D759D00FF9E1A /* ActionButtonStyle.swift */; };
		3BA6A1DE2C9D75C000FF9E1A /* VPNControlView.swift in Sources */ = {isa = PBXBuildFile; fileRef = 3BA6A1DD2C9D75C000FF9E1A /* VPNControlView.swift */; };
		3BA6A1E02C9D75DF00FF9E1A /* VersionView.swift in Sources */ = {isa = PBXBuildFile; fileRef = 3BA6A1DF2C9D75DF00FF9E1A /* VersionView.swift */; };
		3BA6A1E22C9D779A00FF9E1A /* Util.swift in Sources */ = {isa = PBXBuildFile; fileRef = 3BA6A1E12C9D779A00FF9E1A /* Util.swift */; };
		3BAD4E2C2CAA747A006868C3 /* PingView.swift in Sources */ = {isa = PBXBuildFile; fileRef = 3BAD4E2B2CAA747A006868C3 /* PingView.swift */; };
		3BC43D562CA2A76D00733C84 /* TrafficStatsView.swift in Sources */ = {isa = PBXBuildFile; fileRef = 3BC43D552CA2A76D00733C84 /* TrafficStatsView.swift */; };
		3BCF8AEB2CA8E5C400723541 /* ShareButton.swift in Sources */ = {isa = PBXBuildFile; fileRef = 3BCF8AEA2CA8E5C400723541 /* ShareButton.swift */; };
		3BF632AC2CB8CF4000FB040B /* QRCodeScannerView.swift in Sources */ = {isa = PBXBuildFile; fileRef = 3BF632AB2CB8CF4000FB040B /* QRCodeScannerView.swift */; };
		3BF632AF2CB8D8E900FB040B /* Tun2SocksKit in Frameworks */ = {isa = PBXBuildFile; productRef = 3BF632AE2CB8D8E900FB040B /* Tun2SocksKit */; };
		3BF632B12CB8D8E900FB040B /* Tun2SocksKitC in Frameworks */ = {isa = PBXBuildFile; productRef = 3BF632B02CB8D8E900FB040B /* Tun2SocksKitC */; };
/* End PBXBuildFile section */

/* Begin PBXContainerItemProxy section */
		3B2DA98E2C95344600E8FCB9 /* PBXContainerItemProxy */ = {
			isa = PBXContainerItemProxy;
			containerPortal = 3B2DA94C2C95337E00E8FCB9 /* Project object */;
			proxyType = 1;
			remoteGlobalIDString = 3B2DA9842C95344600E8FCB9;
			remoteInfo = PacketTunnel;
		};
/* End PBXContainerItemProxy section */

/* Begin PBXCopyFilesBuildPhase section */
		3B2DA9942C95344600E8FCB9 /* Embed Foundation Extensions */ = {
			isa = PBXCopyFilesBuildPhase;
			buildActionMask = 2147483647;
			dstPath = "";
			dstSubfolderSpec = 13;
			files = (
				3B2DA9902C95344600E8FCB9 /* PacketTunnel.appex in Embed Foundation Extensions */,
			);
			name = "Embed Foundation Extensions";
			runOnlyForDeploymentPostprocessing = 0;
		};
/* End PBXCopyFilesBuildPhase section */

/* Begin PBXFileReference section */
		3B08478D2CC1135400484E72 /* Download.swift */ = {isa = PBXFileReference; lastKnownFileType = sourcecode.swift; path = Download.swift; sourceTree = "<group>"; };
		3B2DA9542C95337E00E8FCB9 /* Xray.app */ = {isa = PBXFileReference; explicitFileType = wrapper.application; includeInIndex = 0; path = Xray.app; sourceTree = BUILT_PRODUCTS_DIR; };
		3B2DA9572C95337E00E8FCB9 /* XrayApp.swift */ = {isa = PBXFileReference; lastKnownFileType = sourcecode.swift; path = XrayApp.swift; sourceTree = "<group>"; };
		3B2DA95B2C95337F00E8FCB9 /* Assets.xcassets */ = {isa = PBXFileReference; lastKnownFileType = folder.assetcatalog; path = Assets.xcassets; sourceTree = "<group>"; };
		3B2DA9852C95344600E8FCB9 /* PacketTunnel.appex */ = {isa = PBXFileReference; explicitFileType = "wrapper.app-extension"; includeInIndex = 0; path = PacketTunnel.appex; sourceTree = BUILT_PRODUCTS_DIR; };
		3B2DA9872C95344600E8FCB9 /* NetworkExtension.framework */ = {isa = PBXFileReference; lastKnownFileType = wrapper.framework; name = NetworkExtension.framework; path = System/Library/Frameworks/NetworkExtension.framework; sourceTree = SDKROOT; };
		3B2DA98A2C95344600E8FCB9 /* PacketTunnelProvider.swift */ = {isa = PBXFileReference; lastKnownFileType = sourcecode.swift; path = PacketTunnelProvider.swift; sourceTree = "<group>"; };
		3B2DA98C2C95344600E8FCB9 /* Info.plist */ = {isa = PBXFileReference; lastKnownFileType = text.plist.xml; path = Info.plist; sourceTree = "<group>"; };
		3B2DA98D2C95344600E8FCB9 /* PacketTunnel.entitlements */ = {isa = PBXFileReference; lastKnownFileType = text.plist.entitlements; path = PacketTunnel.entitlements; sourceTree = "<group>"; };
		3B2DA9952C95346A00E8FCB9 /* Xray.entitlements */ = {isa = PBXFileReference; lastKnownFileType = text.plist.entitlements; path = Xray.entitlements; sourceTree = "<group>"; };
		3B2DA9962C9536F900E8FCB9 /* Config.xcconfig */ = {isa = PBXFileReference; lastKnownFileType = text.xcconfig; path = Config.xcconfig; sourceTree = "<group>"; };
		3B2DA9992C95379100E8FCB9 /* Info.plist */ = {isa = PBXFileReference; lastKnownFileType = text.plist; path = Info.plist; sourceTree = "<group>"; };
		3B2DA99B2C95393600E8FCB9 /* Constant.swift */ = {isa = PBXFileReference; lastKnownFileType = sourcecode.swift; path = Constant.swift; sourceTree = "<group>"; };
		3B2DA99E2C95398600E8FCB9 /* PacketTunnelManager.swift */ = {isa = PBXFileReference; lastKnownFileType = sourcecode.swift; path = PacketTunnelManager.swift; sourceTree = "<group>"; };
		3B2DA9AA2C953B6200E8FCB9 /* libresolv.9.tbd */ = {isa = PBXFileReference; lastKnownFileType = "sourcecode.text-based-dylib-definition"; name = libresolv.9.tbd; path = usr/lib/libresolv.9.tbd; sourceTree = SDKROOT; };
		3B2DA9AC2C95573400E8FCB9 /* ContentView.swift */ = {isa = PBXFileReference; lastKnownFileType = sourcecode.swift; path = ContentView.swift; sourceTree = "<group>"; };
		3B8050DD2C9D7C0800043697 /* Configuration.swift */ = {isa = PBXFileReference; lastKnownFileType = sourcecode.swift; path = Configuration.swift; sourceTree = "<group>"; };
		3B99F5152CA11A8A00CDC946 /* ConnectedDurationView.swift */ = {isa = PBXFileReference; lastKnownFileType = sourcecode.swift; path = ConnectedDurationView.swift; sourceTree = "<group>"; };
		3BA6A1D92C9D756C00FF9E1A /* InfoRow.swift */ = {isa = PBXFileReference; lastKnownFileType = sourcecode.swift; path = InfoRow.swift; sourceTree = "<group>"; };
		3BA6A1DB2C9D759D00FF9E1A /* ActionButtonStyle.swift */ = {isa = PBXFileReference; lastKnownFileType = sourcecode.swift; path = ActionButtonStyle.swift; sourceTree = "<group>"; };
		3BA6A1DD2C9D75C000FF9E1A /* VPNControlView.swift */ = {isa = PBXFileReference; lastKnownFileType = sourcecode.swift; path = VPNControlView.swift; sourceTree = "<group>"; };
		3BA6A1DF2C9D75DF00FF9E1A /* VersionView.swift */ = {isa = PBXFileReference; lastKnownFileType = sourcecode.swift; path = VersionView.swift; sourceTree = "<group>"; };
		3BA6A1E12C9D779A00FF9E1A /* Util.swift */ = {isa = PBXFileReference; lastKnownFileType = sourcecode.swift; path = Util.swift; sourceTree = "<group>"; };
		3BAD4E2B2CAA747A006868C3 /* PingView.swift */ = {isa = PBXFileReference; lastKnownFileType = sourcecode.swift; path = PingView.swift; sourceTree = "<group>"; };
		3BC43D552CA2A76D00733C84 /* TrafficStatsView.swift */ = {isa = PBXFileReference; lastKnownFileType = sourcecode.swift; path = TrafficStatsView.swift; sourceTree = "<group>"; };
		3BCF8AEA2CA8E5C400723541 /* ShareButton.swift */ = {isa = PBXFileReference; lastKnownFileType = sourcecode.swift; path = ShareButton.swift; sourceTree = "<group>"; };
		3BF632AB2CB8CF4000FB040B /* QRCodeScannerView.swift */ = {isa = PBXFileReference; lastKnownFileType = sourcecode.swift; path = QRCodeScannerView.swift; sourceTree = "<group>"; };
/* End PBXFileReference section */

/* Begin PBXFrameworksBuildPhase section */
		3B2DA9512C95337E00E8FCB9 /* Frameworks */ = {
			isa = PBXFrameworksBuildPhase;
			buildActionMask = 2147483647;
			files = (
				3B3EE0D72CA6A0EF00541BF8 /* LibXray in Frameworks */,
				3BA6A1D82C9D731100FF9E1A /* libresolv.9.tbd in Frameworks */,
			);
			runOnlyForDeploymentPostprocessing = 0;
		};
		3B2DA9822C95344600E8FCB9 /* Frameworks */ = {
			isa = PBXFrameworksBuildPhase;
			buildActionMask = 2147483647;
			files = (
				3BF632AF2CB8D8E900FB040B /* Tun2SocksKit in Frameworks */,
				3B2DA9882C95344600E8FCB9 /* NetworkExtension.framework in Frameworks */,
				3BF632B12CB8D8E900FB040B /* Tun2SocksKitC in Frameworks */,
				3B3EE0D92CA6A0F800541BF8 /* LibXray in Frameworks */,
				3B2DA9AB2C953B7E00E8FCB9 /* libresolv.9.tbd in Frameworks */,
			);
			runOnlyForDeploymentPostprocessing = 0;
		};
/* End PBXFrameworksBuildPhase section */

/* Begin PBXGroup section */
		3B2DA94B2C95337E00E8FCB9 = {
			isa = PBXGroup;
			children = (
				3B2DA99A2C9538FF00E8FCB9 /* Shared */,
				3B2DA9962C9536F900E8FCB9 /* Config.xcconfig */,
				3B2DA9562C95337E00E8FCB9 /* Xray */,
				3B2DA9892C95344600E8FCB9 /* PacketTunnel */,
				3B2DA9862C95344600E8FCB9 /* Frameworks */,
				3B2DA9552C95337E00E8FCB9 /* Products */,
			);
			sourceTree = "<group>";
		};
		3B2DA9552C95337E00E8FCB9 /* Products */ = {
			isa = PBXGroup;
			children = (
				3B2DA9542C95337E00E8FCB9 /* Xray.app */,
				3B2DA9852C95344600E8FCB9 /* PacketTunnel.appex */,
			);
			name = Products;
			sourceTree = "<group>";
		};
		3B2DA9562C95337E00E8FCB9 /* Xray */ = {
			isa = PBXGroup;
			children = (
				3B2DA9992C95379100E8FCB9 /* Info.plist */,
				3B2DA9952C95346A00E8FCB9 /* Xray.entitlements */,
				3B2DA9572C95337E00E8FCB9 /* XrayApp.swift */,
				3B2DA95B2C95337F00E8FCB9 /* Assets.xcassets */,
				3B2DA99E2C95398600E8FCB9 /* PacketTunnelManager.swift */,
				3B2DA9AC2C95573400E8FCB9 /* ContentView.swift */,
				3BA6A1D92C9D756C00FF9E1A /* InfoRow.swift */,
				3BA6A1DB2C9D759D00FF9E1A /* ActionButtonStyle.swift */,
				3BA6A1DD2C9D75C000FF9E1A /* VPNControlView.swift */,
				3BA6A1DF2C9D75DF00FF9E1A /* VersionView.swift */,
				3BA6A1E12C9D779A00FF9E1A /* Util.swift */,
				3B8050DD2C9D7C0800043697 /* Configuration.swift */,
				3B99F5152CA11A8A00CDC946 /* ConnectedDurationView.swift */,
				3BC43D552CA2A76D00733C84 /* TrafficStatsView.swift */,
				3BCF8AEA2CA8E5C400723541 /* ShareButton.swift */,
				3BAD4E2B2CAA747A006868C3 /* PingView.swift */,
				3BF632AB2CB8CF4000FB040B /* QRCodeScannerView.swift */,
				3B08478D2CC1135400484E72 /* Download.swift */,
			);
			path = Xray;
			sourceTree = "<group>";
		};
		3B2DA9862C95344600E8FCB9 /* Frameworks */ = {
			isa = PBXGroup;
			children = (
				3B2DA9AA2C953B6200E8FCB9 /* libresolv.9.tbd */,
				3B2DA9872C95344600E8FCB9 /* NetworkExtension.framework */,
			);
			name = Frameworks;
			sourceTree = "<group>";
		};
		3B2DA9892C95344600E8FCB9 /* PacketTunnel */ = {
			isa = PBXGroup;
			children = (
				3B2DA98A2C95344600E8FCB9 /* PacketTunnelProvider.swift */,
				3B2DA98C2C95344600E8FCB9 /* Info.plist */,
				3B2DA98D2C95344600E8FCB9 /* PacketTunnel.entitlements */,
			);
			path = PacketTunnel;
			sourceTree = "<group>";
		};
		3B2DA99A2C9538FF00E8FCB9 /* Shared */ = {
			isa = PBXGroup;
			children = (
				3B2DA99B2C95393600E8FCB9 /* Constant.swift */,
			);
			path = Shared;
			sourceTree = "<group>";
		};
/* End PBXGroup section */

/* Begin PBXNativeTarget section */
		3B2DA9532C95337E00E8FCB9 /* Xray */ = {
			isa = PBXNativeTarget;
			buildConfigurationList = 3B2DA9782C95337F00E8FCB9 /* Build configuration list for PBXNativeTarget "Xray" */;
			buildPhases = (
				3B2DA9502C95337E00E8FCB9 /* Sources */,
				3B2DA9512C95337E00E8FCB9 /* Frameworks */,
				3B2DA9522C95337E00E8FCB9 /* Resources */,
				3B2DA9942C95344600E8FCB9 /* Embed Foundation Extensions */,
			);
			buildRules = (
			);
			dependencies = (
				3B2DA98F2C95344600E8FCB9 /* PBXTargetDependency */,
			);
			name = Xray;
			packageProductDependencies = (
				3B3EE0D62CA6A0EF00541BF8 /* LibXray */,
			);
			productName = Xray;
			productReference = 3B2DA9542C95337E00E8FCB9 /* Xray.app */;
			productType = "com.apple.product-type.application";
		};
		3B2DA9842C95344600E8FCB9 /* PacketTunnel */ = {
			isa = PBXNativeTarget;
			buildConfigurationList = 3B2DA9912C95344600E8FCB9 /* Build configuration list for PBXNativeTarget "PacketTunnel" */;
			buildPhases = (
				3B2DA9812C95344600E8FCB9 /* Sources */,
				3B2DA9822C95344600E8FCB9 /* Frameworks */,
				3B2DA9832C95344600E8FCB9 /* Resources */,
			);
			buildRules = (
			);
			dependencies = (
			);
			name = PacketTunnel;
			packageProductDependencies = (
				3B3EE0D82CA6A0F800541BF8 /* LibXray */,
				3BF632AE2CB8D8E900FB040B /* Tun2SocksKit */,
				3BF632B02CB8D8E900FB040B /* Tun2SocksKitC */,
			);
			productName = PacketTunnel;
			productReference = 3B2DA9852C95344600E8FCB9 /* PacketTunnel.appex */;
			productType = "com.apple.product-type.app-extension";
		};
/* End PBXNativeTarget section */

/* Begin PBXProject section */
		3B2DA94C2C95337E00E8FCB9 /* Project object */ = {
			isa = PBXProject;
			attributes = {
				BuildIndependentTargetsInParallel = 1;
				LastSwiftUpdateCheck = 1540;
				LastUpgradeCheck = 1540;
				TargetAttributes = {
					3B2DA9532C95337E00E8FCB9 = {
						CreatedOnToolsVersion = 15.4;
					};
					3B2DA9842C95344600E8FCB9 = {
						CreatedOnToolsVersion = 15.4;
					};
				};
			};
			buildConfigurationList = 3B2DA94F2C95337E00E8FCB9 /* Build configuration list for PBXProject "Xray" */;
			compatibilityVersion = "Xcode 14.0";
			developmentRegion = en;
			hasScannedForEncodings = 0;
			knownRegions = (
				en,
				Base,
			);
			mainGroup = 3B2DA94B2C95337E00E8FCB9;
			packageReferences = (
				3B3EE0D52CA6A0EF00541BF8 /* XCRemoteSwiftPackageReference "LibXray" */,
				3BF632AD2CB8D8E900FB040B /* XCRemoteSwiftPackageReference "Tun2SocksKit" */,
			);
			productRefGroup = 3B2DA9552C95337E00E8FCB9 /* Products */;
			projectDirPath = "";
			projectRoot = "";
			targets = (
				3B2DA9532C95337E00E8FCB9 /* Xray */,
				3B2DA9842C95344600E8FCB9 /* PacketTunnel */,
			);
		};
/* End PBXProject section */

/* Begin PBXResourcesBuildPhase section */
		3B2DA9522C95337E00E8FCB9 /* Resources */ = {
			isa = PBXResourcesBuildPhase;
			buildActionMask = 2147483647;
			files = (
				3B2DA9972C9536F900E8FCB9 /* Config.xcconfig in Resources */,
				3B2DA95C2C95337F00E8FCB9 /* Assets.xcassets in Resources */,
			);
			runOnlyForDeploymentPostprocessing = 0;
		};
		3B2DA9832C95344600E8FCB9 /* Resources */ = {
			isa = PBXResourcesBuildPhase;
			buildActionMask = 2147483647;
			files = (
				3B2DA9982C9536F900E8FCB9 /* Config.xcconfig in Resources */,
			);
			runOnlyForDeploymentPostprocessing = 0;
		};
/* End PBXResourcesBuildPhase section */

/* Begin PBXSourcesBuildPhase section */
		3B2DA9502C95337E00E8FCB9 /* Sources */ = {
			isa = PBXSourcesBuildPhase;
			buildActionMask = 2147483647;
			files = (
				3B2DA99F2C95398600E8FCB9 /* PacketTunnelManager.swift in Sources */,
				3BA6A1E22C9D779A00FF9E1A /* Util.swift in Sources */,
				3B2DA9AD2C95573400E8FCB9 /* ContentView.swift in Sources */,
				3B2DA9582C95337E00E8FCB9 /* XrayApp.swift in Sources */,
				3B99F5162CA11A8A00CDC946 /* ConnectedDurationView.swift in Sources */,
				3B2DA99C2C95393600E8FCB9 /* Constant.swift in Sources */,
				3BC43D562CA2A76D00733C84 /* TrafficStatsView.swift in Sources */,
				3BAD4E2C2CAA747A006868C3 /* PingView.swift in Sources */,
				3BA6A1DE2C9D75C000FF9E1A /* VPNControlView.swift in Sources */,
				3B8050DE2C9D7C0800043697 /* Configuration.swift in Sources */,
				3BA6A1E02C9D75DF00FF9E1A /* VersionView.swift in Sources */,
				3BA6A1DA2C9D756C00FF9E1A /* InfoRow.swift in Sources */,
				3BCF8AEB2CA8E5C400723541 /* ShareButton.swift in Sources */,
				3B08478E2CC1135400484E72 /* Download.swift in Sources */,
				3BA6A1DC2C9D759D00FF9E1A /* ActionButtonStyle.swift in Sources */,
				3BF632AC2CB8CF4000FB040B /* QRCodeScannerView.swift in Sources */,
			);
			runOnlyForDeploymentPostprocessing = 0;
		};
		3B2DA9812C95344600E8FCB9 /* Sources */ = {
			isa = PBXSourcesBuildPhase;
			buildActionMask = 2147483647;
			files = (
				3B2DA98B2C95344600E8FCB9 /* PacketTunnelProvider.swift in Sources */,
				3B2DA99D2C95393600E8FCB9 /* Constant.swift in Sources */,
			);
			runOnlyForDeploymentPostprocessing = 0;
		};
/* End PBXSourcesBuildPhase section */

/* Begin PBXTargetDependency section */
		3B2DA98F2C95344600E8FCB9 /* PBXTargetDependency */ = {
			isa = PBXTargetDependency;
			target = 3B2DA9842C95344600E8FCB9 /* PacketTunnel */;
			targetProxy = 3B2DA98E2C95344600E8FCB9 /* PBXContainerItemProxy */;
		};
/* End PBXTargetDependency section */

/* Begin XCBuildConfiguration section */
		3B2DA9762C95337F00E8FCB9 /* Debug */ = {
			isa = XCBuildConfiguration;
			baseConfigurationReference = 3B2DA9962C9536F900E8FCB9 /* Config.xcconfig */;
			buildSettings = {
				ALWAYS_SEARCH_USER_PATHS = NO;
				ASSETCATALOG_COMPILER_GENERATE_SWIFT_ASSET_SYMBOL_EXTENSIONS = YES;
				CLANG_ANALYZER_NONNULL = YES;
				CLANG_ANALYZER_NUMBER_OBJECT_CONVERSION = YES_AGGRESSIVE;
				CLANG_CXX_LANGUAGE_STANDARD = "gnu++20";
				CLANG_ENABLE_MODULES = YES;
				CLANG_ENABLE_OBJC_ARC = YES;
				CLANG_ENABLE_OBJC_WEAK = YES;
				CLANG_WARN_BLOCK_CAPTURE_AUTORELEASING = YES;
				CLANG_WARN_BOOL_CONVERSION = YES;
				CLANG_WARN_COMMA = YES;
				CLANG_WARN_CONSTANT_CONVERSION = YES;
				CLANG_WARN_DEPRECATED_OBJC_IMPLEMENTATIONS = YES;
				CLANG_WARN_DIRECT_OBJC_ISA_USAGE = YES_ERROR;
				CLANG_WARN_DOCUMENTATION_COMMENTS = YES;
				CLANG_WARN_EMPTY_BODY = YES;
				CLANG_WARN_ENUM_CONVERSION = YES;
				CLANG_WARN_INFINITE_RECURSION = YES;
				CLANG_WARN_INT_CONVERSION = YES;
				CLANG_WARN_NON_LITERAL_NULL_CONVERSION = YES;
				CLANG_WARN_OBJC_IMPLICIT_RETAIN_SELF = YES;
				CLANG_WARN_OBJC_LITERAL_CONVERSION = YES;
				CLANG_WARN_OBJC_ROOT_CLASS = YES_ERROR;
				CLANG_WARN_QUOTED_INCLUDE_IN_FRAMEWORK_HEADER = YES;
				CLANG_WARN_RANGE_LOOP_ANALYSIS = YES;
				CLANG_WARN_STRICT_PROTOTYPES = YES;
				CLANG_WARN_SUSPICIOUS_MOVE = YES;
				CLANG_WARN_UNGUARDED_AVAILABILITY = YES_AGGRESSIVE;
				CLANG_WARN_UNREACHABLE_CODE = YES;
				CLANG_WARN__DUPLICATE_METHOD_MATCH = YES;
				COPY_PHASE_STRIP = NO;
				DEBUG_INFORMATION_FORMAT = dwarf;
				ENABLE_STRICT_OBJC_MSGSEND = YES;
				ENABLE_TESTABILITY = YES;
				ENABLE_USER_SCRIPT_SANDBOXING = YES;
				GCC_C_LANGUAGE_STANDARD = gnu17;
				GCC_DYNAMIC_NO_PIC = NO;
				GCC_NO_COMMON_BLOCKS = YES;
				GCC_OPTIMIZATION_LEVEL = 0;
				GCC_PREPROCESSOR_DEFINITIONS = (
					"DEBUG=1",
					"$(inherited)",
				);
				GCC_WARN_64_TO_32_BIT_CONVERSION = YES;
				GCC_WARN_ABOUT_RETURN_TYPE = YES_ERROR;
				GCC_WARN_UNDECLARED_SELECTOR = YES;
				GCC_WARN_UNINITIALIZED_AUTOS = YES_AGGRESSIVE;
				GCC_WARN_UNUSED_FUNCTION = YES;
				GCC_WARN_UNUSED_VARIABLE = YES;
				IPHONEOS_DEPLOYMENT_TARGET = 17.5;
				LOCALIZATION_PREFERS_STRING_CATALOGS = YES;
				MTL_ENABLE_DEBUG_INFO = INCLUDE_SOURCE;
				MTL_FAST_MATH = YES;
				ONLY_ACTIVE_ARCH = YES;
				SDKROOT = iphoneos;
				SWIFT_ACTIVE_COMPILATION_CONDITIONS = "DEBUG $(inherited)";
				SWIFT_OPTIMIZATION_LEVEL = "-Onone";
			};
			name = Debug;
		};
		3B2DA9772C95337F00E8FCB9 /* Release */ = {
			isa = XCBuildConfiguration;
			baseConfigurationReference = 3B2DA9962C9536F900E8FCB9 /* Config.xcconfig */;
			buildSettings = {
				ALWAYS_SEARCH_USER_PATHS = NO;
				ASSETCATALOG_COMPILER_GENERATE_SWIFT_ASSET_SYMBOL_EXTENSIONS = YES;
				CLANG_ANALYZER_NONNULL = YES;
				CLANG_ANALYZER_NUMBER_OBJECT_CONVERSION = YES_AGGRESSIVE;
				CLANG_CXX_LANGUAGE_STANDARD = "gnu++20";
				CLANG_ENABLE_MODULES = YES;
				CLANG_ENABLE_OBJC_ARC = YES;
				CLANG_ENABLE_OBJC_WEAK = YES;
				CLANG_WARN_BLOCK_CAPTURE_AUTORELEASING = YES;
				CLANG_WARN_BOOL_CONVERSION = YES;
				CLANG_WARN_COMMA = YES;
				CLANG_WARN_CONSTANT_CONVERSION = YES;
				CLANG_WARN_DEPRECATED_OBJC_IMPLEMENTATIONS = YES;
				CLANG_WARN_DIRECT_OBJC_ISA_USAGE = YES_ERROR;
				CLANG_WARN_DOCUMENTATION_COMMENTS = YES;
				CLANG_WARN_EMPTY_BODY = YES;
				CLANG_WARN_ENUM_CONVERSION = YES;
				CLANG_WARN_INFINITE_RECURSION = YES;
				CLANG_WARN_INT_CONVERSION = YES;
				CLANG_WARN_NON_LITERAL_NULL_CONVERSION = YES;
				CLANG_WARN_OBJC_IMPLICIT_RETAIN_SELF = YES;
				CLANG_WARN_OBJC_LITERAL_CONVERSION = YES;
				CLANG_WARN_OBJC_ROOT_CLASS = YES_ERROR;
				CLANG_WARN_QUOTED_INCLUDE_IN_FRAMEWORK_HEADER = YES;
				CLANG_WARN_RANGE_LOOP_ANALYSIS = YES;
				CLANG_WARN_STRICT_PROTOTYPES = YES;
				CLANG_WARN_SUSPICIOUS_MOVE = YES;
				CLANG_WARN_UNGUARDED_AVAILABILITY = YES_AGGRESSIVE;
				CLANG_WARN_UNREACHABLE_CODE = YES;
				CLANG_WARN__DUPLICATE_METHOD_MATCH = YES;
				COPY_PHASE_STRIP = NO;
				DEBUG_INFORMATION_FORMAT = "dwarf-with-dsym";
				ENABLE_NS_ASSERTIONS = NO;
				ENABLE_STRICT_OBJC_MSGSEND = YES;
				ENABLE_USER_SCRIPT_SANDBOXING = YES;
				GCC_C_LANGUAGE_STANDARD = gnu17;
				GCC_NO_COMMON_BLOCKS = YES;
				GCC_WARN_64_TO_32_BIT_CONVERSION = YES;
				GCC_WARN_ABOUT_RETURN_TYPE = YES_ERROR;
				GCC_WARN_UNDECLARED_SELECTOR = YES;
				GCC_WARN_UNINITIALIZED_AUTOS = YES_AGGRESSIVE;
				GCC_WARN_UNUSED_FUNCTION = YES;
				GCC_WARN_UNUSED_VARIABLE = YES;
				IPHONEOS_DEPLOYMENT_TARGET = 17.5;
				LOCALIZATION_PREFERS_STRING_CATALOGS = YES;
				MTL_ENABLE_DEBUG_INFO = NO;
				MTL_FAST_MATH = YES;
				SDKROOT = iphoneos;
				SWIFT_COMPILATION_MODE = wholemodule;
				VALIDATE_PRODUCT = YES;
			};
			name = Release;
		};
		3B2DA9792C95337F00E8FCB9 /* Debug */ = {
			isa = XCBuildConfiguration;
			buildSettings = {
				ALWAYS_EMBED_SWIFT_STANDARD_LIBRARIES = YES;
				ASSETCATALOG_COMPILER_APPICON_NAME = AppIcon;
				ASSETCATALOG_COMPILER_GLOBAL_ACCENT_COLOR_NAME = AccentColor;
				CODE_SIGN_ENTITLEMENTS = Xray/Xray.entitlements;
				CODE_SIGN_STYLE = Automatic;
				CURRENT_PROJECT_VERSION = 1;
				DEVELOPMENT_ASSET_PATHS = "";
				DEVELOPMENT_TEAM = AQAUYR3N43;
				ENABLE_PREVIEWS = YES;
				GENERATE_INFOPLIST_FILE = YES;
				INFOPLIST_FILE = Xray/Info.plist;
				INFOPLIST_KEY_UIApplicationSceneManifest_Generation = YES;
				INFOPLIST_KEY_UIApplicationSupportsIndirectInputEvents = YES;
				INFOPLIST_KEY_UILaunchScreen_Generation = YES;
				INFOPLIST_KEY_UISupportedInterfaceOrientations_iPad = "UIInterfaceOrientationPortrait UIInterfaceOrientationPortraitUpsideDown UIInterfaceOrientationLandscapeLeft UIInterfaceOrientationLandscapeRight";
				INFOPLIST_KEY_UISupportedInterfaceOrientations_iPhone = "UIInterfaceOrientationPortrait UIInterfaceOrientationLandscapeLeft UIInterfaceOrientationLandscapeRight";
				LD_RUNPATH_SEARCH_PATHS = (
					"$(inherited)",
					"@executable_path/Frameworks",
				);
				MARKETING_VERSION = 1.0;
				PRODUCT_BUNDLE_IDENTIFIER = "$(APP_ID)";
				PRODUCT_NAME = "$(TARGET_NAME)";
				SUPPORTED_PLATFORMS = "iphoneos iphonesimulator";
				SUPPORTS_MACCATALYST = NO;
				SUPPORTS_MAC_DESIGNED_FOR_IPHONE_IPAD = NO;
				SUPPORTS_XR_DESIGNED_FOR_IPHONE_IPAD = NO;
				SWIFT_EMIT_LOC_STRINGS = YES;
				SWIFT_VERSION = 6.0;
				TARGETED_DEVICE_FAMILY = 1;
			};
			name = Debug;
		};
		3B2DA97A2C95337F00E8FCB9 /* Release */ = {
			isa = XCBuildConfiguration;
			buildSettings = {
				ALWAYS_EMBED_SWIFT_STANDARD_LIBRARIES = YES;
				ASSETCATALOG_COMPILER_APPICON_NAME = AppIcon;
				ASSETCATALOG_COMPILER_GLOBAL_ACCENT_COLOR_NAME = AccentColor;
				CODE_SIGN_ENTITLEMENTS = Xray/Xray.entitlements;
				CODE_SIGN_STYLE = Automatic;
				CURRENT_PROJECT_VERSION = 1;
				DEVELOPMENT_ASSET_PATHS = "";
				DEVELOPMENT_TEAM = AQAUYR3N43;
				ENABLE_PREVIEWS = YES;
				GENERATE_INFOPLIST_FILE = YES;
				INFOPLIST_FILE = Xray/Info.plist;
				INFOPLIST_KEY_UIApplicationSceneManifest_Generation = YES;
				INFOPLIST_KEY_UIApplicationSupportsIndirectInputEvents = YES;
				INFOPLIST_KEY_UILaunchScreen_Generation = YES;
				INFOPLIST_KEY_UISupportedInterfaceOrientations_iPad = "UIInterfaceOrientationPortrait UIInterfaceOrientationPortraitUpsideDown UIInterfaceOrientationLandscapeLeft UIInterfaceOrientationLandscapeRight";
				INFOPLIST_KEY_UISupportedInterfaceOrientations_iPhone = "UIInterfaceOrientationPortrait UIInterfaceOrientationLandscapeLeft UIInterfaceOrientationLandscapeRight";
				LD_RUNPATH_SEARCH_PATHS = (
					"$(inherited)",
					"@executable_path/Frameworks",
				);
				MARKETING_VERSION = 1.0;
				PRODUCT_BUNDLE_IDENTIFIER = "$(APP_ID)";
				PRODUCT_NAME = "$(TARGET_NAME)";
				SUPPORTED_PLATFORMS = "iphoneos iphonesimulator";
				SUPPORTS_MACCATALYST = NO;
				SUPPORTS_MAC_DESIGNED_FOR_IPHONE_IPAD = NO;
				SUPPORTS_XR_DESIGNED_FOR_IPHONE_IPAD = NO;
				SWIFT_EMIT_LOC_STRINGS = YES;
				SWIFT_VERSION = 6.0;
				TARGETED_DEVICE_FAMILY = 1;
			};
			name = Release;
		};
		3B2DA9922C95344600E8FCB9 /* Debug */ = {
			isa = XCBuildConfiguration;
			buildSettings = {
				CODE_SIGN_ENTITLEMENTS = PacketTunnel/PacketTunnel.entitlements;
				CODE_SIGN_STYLE = Automatic;
				CURRENT_PROJECT_VERSION = 1;
				DEVELOPMENT_TEAM = AQAUYR3N43;
				GENERATE_INFOPLIST_FILE = YES;
				INFOPLIST_FILE = PacketTunnel/Info.plist;
				INFOPLIST_KEY_CFBundleDisplayName = PacketTunnel;
				INFOPLIST_KEY_NSHumanReadableCopyright = "";
				LD_RUNPATH_SEARCH_PATHS = (
					"$(inherited)",
					"@executable_path/Frameworks",
					"@executable_path/../../Frameworks",
				);
				MARKETING_VERSION = 1.0;
				PRODUCT_BUNDLE_IDENTIFIER = "$(APP_ID).PacketTunnel";
				PRODUCT_NAME = "$(TARGET_NAME)";
				SKIP_INSTALL = YES;
				SUPPORTED_PLATFORMS = "iphoneos iphonesimulator";
				SUPPORTS_MACCATALYST = NO;
				SUPPORTS_MAC_DESIGNED_FOR_IPHONE_IPAD = NO;
				SUPPORTS_XR_DESIGNED_FOR_IPHONE_IPAD = NO;
				SWIFT_EMIT_LOC_STRINGS = YES;
				SWIFT_VERSION = 6.0;
				TARGETED_DEVICE_FAMILY = 1;
			};
			name = Debug;
		};
		3B2DA9932C95344600E8FCB9 /* Release */ = {
			isa = XCBuildConfiguration;
			buildSettings = {
				CODE_SIGN_ENTITLEMENTS = PacketTunnel/PacketTunnel.entitlements;
				CODE_SIGN_STYLE = Automatic;
				CURRENT_PROJECT_VERSION = 1;
				DEVELOPMENT_TEAM = AQAUYR3N43;
				GENERATE_INFOPLIST_FILE = YES;
				INFOPLIST_FILE = PacketTunnel/Info.plist;
				INFOPLIST_KEY_CFBundleDisplayName = PacketTunnel;
				INFOPLIST_KEY_NSHumanReadableCopyright = "";
				LD_RUNPATH_SEARCH_PATHS = (
					"$(inherited)",
					"@executable_path/Frameworks",
					"@executable_path/../../Frameworks",
				);
				MARKETING_VERSION = 1.0;
				PRODUCT_BUNDLE_IDENTIFIER = "$(APP_ID).PacketTunnel";
				PRODUCT_NAME = "$(TARGET_NAME)";
				SKIP_INSTALL = YES;
				SUPPORTED_PLATFORMS = "iphoneos iphonesimulator";
				SUPPORTS_MACCATALYST = NO;
				SUPPORTS_MAC_DESIGNED_FOR_IPHONE_IPAD = NO;
				SUPPORTS_XR_DESIGNED_FOR_IPHONE_IPAD = NO;
				SWIFT_EMIT_LOC_STRINGS = YES;
				SWIFT_VERSION = 6.0;
				TARGETED_DEVICE_FAMILY = 1;
			};
			name = Release;
		};
/* End XCBuildConfiguration section */

/* Begin XCConfigurationList section */
		3B2DA94F2C95337E00E8FCB9 /* Build configuration list for PBXProject "Xray" */ = {
			isa = XCConfigurationList;
			buildConfigurations = (
				3B2DA9762C95337F00E8FCB9 /* Debug */,
				3B2DA9772C95337F00E8FCB9 /* Release */,
			);
			defaultConfigurationIsVisible = 0;
			defaultConfigurationName = Release;
		};
		3B2DA9782C95337F00E8FCB9 /* Build configuration list for PBXNativeTarget "Xray" */ = {
			isa = XCConfigurationList;
			buildConfigurations = (
				3B2DA9792C95337F00E8FCB9 /* Debug */,
				3B2DA97A2C95337F00E8FCB9 /* Release */,
			);
			defaultConfigurationIsVisible = 0;
			defaultConfigurationName = Release;
		};
		3B2DA9912C95344600E8FCB9 /* Build configuration list for PBXNativeTarget "PacketTunnel" */ = {
			isa = XCConfigurationList;
			buildConfigurations = (
				3B2DA9922C95344600E8FCB9 /* Debug */,
				3B2DA9932C95344600E8FCB9 /* Release */,
			);
			defaultConfigurationIsVisible = 0;
			defaultConfigurationName = Release;
		};
/* End XCConfigurationList section */

/* Begin XCRemoteSwiftPackageReference section */
		3B3EE0D52CA6A0EF00541BF8 /* XCRemoteSwiftPackageReference "LibXray" */ = {
			isa = XCRemoteSwiftPackageReference;
			repositoryURL = "https://github.com/wanliyunyan/LibXray";
			requirement = {
				kind = upToNextMajorVersion;
				minimumVersion = 3.1.0;
			};
		};
		3BF632AD2CB8D8E900FB040B /* XCRemoteSwiftPackageReference "Tun2SocksKit" */ = {
			isa = XCRemoteSwiftPackageReference;
			repositoryURL = "https://github.com/EbrahimTahernejad/Tun2SocksKit";
			requirement = {
				kind = upToNextMajorVersion;
				minimumVersion = 4.7.6;
			};
		};
/* End XCRemoteSwiftPackageReference section */

/* Begin XCSwiftPackageProductDependency section */
		3B3EE0D62CA6A0EF00541BF8 /* LibXray */ = {
			isa = XCSwiftPackageProductDependency;
			package = 3B3EE0D52CA6A0EF00541BF8 /* XCRemoteSwiftPackageReference "LibXray" */;
			productName = LibXray;
		};
		3B3EE0D82CA6A0F800541BF8 /* LibXray */ = {
			isa = XCSwiftPackageProductDependency;
			package = 3B3EE0D52CA6A0EF00541BF8 /* XCRemoteSwiftPackageReference "LibXray" */;
			productName = LibXray;
		};
		3BF632AE2CB8D8E900FB040B /* Tun2SocksKit */ = {
			isa = XCSwiftPackageProductDependency;
			package = 3BF632AD2CB8D8E900FB040B /* XCRemoteSwiftPackageReference "Tun2SocksKit" */;
			productName = Tun2SocksKit;
		};
		3BF632B02CB8D8E900FB040B /* Tun2SocksKitC */ = {
			isa = XCSwiftPackageProductDependency;
			package = 3BF632AD2CB8D8E900FB040B /* XCRemoteSwiftPackageReference "Tun2SocksKit" */;
			productName = Tun2SocksKitC;
		};
/* End XCSwiftPackageProductDependency section */
	};
	rootObject = 3B2DA94C2C95337E00E8FCB9 /* Project object */;
}
